// !$*UTF8*$!
{
	archiveVersion = 1;
	classes = {
	};
	objectVersion = 50;
	objects = {

/* Begin PBXBuildFile section */
		F9AFB52823F24F6E0078EDCA /* WeatherData.swift in Sources */ = {isa = PBXBuildFile; fileRef = F9AFB52723F24F6E0078EDCA /* WeatherData.swift */; };
		F9AFB52A23F259C30078EDCA /* WeatherModel.swift in Sources */ = {isa = PBXBuildFile; fileRef = F9AFB52923F259C30078EDCA /* WeatherModel.swift */; };
		F9BA726323EB8B8700414FE0 /* AppDelegate.swift in Sources */ = {isa = PBXBuildFile; fileRef = F9BA726223EB8B8700414FE0 /* AppDelegate.swift */; };
		F9BA726523EB8B8700414FE0 /* SceneDelegate.swift in Sources */ = {isa = PBXBuildFile; fileRef = F9BA726423EB8B8700414FE0 /* SceneDelegate.swift */; };
		F9BA726A23EB8B8800414FE0 /* Main.storyboard in Resources */ = {isa = PBXBuildFile; fileRef = F9BA726823EB8B8800414FE0 /* Main.storyboard */; };
		F9BA726C23EB8B8900414FE0 /* Assets.xcassets in Resources */ = {isa = PBXBuildFile; fileRef = F9BA726B23EB8B8900414FE0 /* Assets.xcassets */; };
		F9BA726F23EB8B8900414FE0 /* LaunchScreen.storyboard in Resources */ = {isa = PBXBuildFile; fileRef = F9BA726D23EB8B8900414FE0 /* LaunchScreen.storyboard */; };
		F9BA727823EB9F0200414FE0 /* WeatherViewController.swift in Sources */ = {isa = PBXBuildFile; fileRef = F9BA727723EB9F0200414FE0 /* WeatherViewController.swift */; };
		F9BD68DF23ECFA8700BDF83C /* WeatherManager.swift in Sources */ = {isa = PBXBuildFile; fileRef = F9BD68DE23ECFA8700BDF83C /* WeatherManager.swift */; };
/* End PBXBuildFile section */

/* Begin PBXFileReference section */
		F9AFB52723F24F6E0078EDCA /* WeatherData.swift */ = {isa = PBXFileReference; lastKnownFileType = sourcecode.swift; path = WeatherData.swift; sourceTree = "<group>"; };
		F9AFB52923F259C30078EDCA /* WeatherModel.swift */ = {isa = PBXFileReference; lastKnownFileType = sourcecode.swift; path = WeatherModel.swift; sourceTree = "<group>"; };
		F9BA725F23EB8B8700414FE0 /* WeatherApp.app */ = {isa = PBXFileReference; explicitFileType = wrapper.application; includeInIndex = 0; path = WeatherApp.app; sourceTree = BUILT_PRODUCTS_DIR; };
		F9BA726223EB8B8700414FE0 /* AppDelegate.swift */ = {isa = PBXFileReference; lastKnownFileType = sourcecode.swift; path = AppDelegate.swift; sourceTree = "<group>"; };
		F9BA726423EB8B8700414FE0 /* SceneDelegate.swift */ = {isa = PBXFileReference; lastKnownFileType = sourcecode.swift; path = SceneDelegate.swift; sourceTree = "<group>"; };
		F9BA726923EB8B8800414FE0 /* Base */ = {isa = PBXFileReference; lastKnownFileType = file.storyboard; name = Base; path = Base.lproj/Main.storyboard; sourceTree = "<group>"; };
		F9BA726B23EB8B8900414FE0 /* Assets.xcassets */ = {isa = PBXFileReference; lastKnownFileType = folder.assetcatalog; path = Assets.xcassets; sourceTree = "<group>"; };
		F9BA726E23EB8B8900414FE0 /* Base */ = {isa = PBXFileReference; lastKnownFileType = file.storyboard; name = Base; path = Base.lproj/LaunchScreen.storyboard; sourceTree = "<group>"; };
		F9BA727023EB8B8900414FE0 /* Info.plist */ = {isa = PBXFileReference; lastKnownFileType = text.plist.xml; path = Info.plist; sourceTree = "<group>"; };
		F9BA727723EB9F0200414FE0 /* WeatherViewController.swift */ = {isa = PBXFileReference; lastKnownFileType = sourcecode.swift; path = WeatherViewController.swift; sourceTree = "<group>"; };
		F9BD68DE23ECFA8700BDF83C /* WeatherManager.swift */ = {isa = PBXFileReference; lastKnownFileType = sourcecode.swift; path = WeatherManager.swift; sourceTree = "<group>"; };
/* End PBXFileReference section */

/* Begin PBXFrameworksBuildPhase section */
		F9BA725C23EB8B8700414FE0 /* Frameworks */ = {
			isa = PBXFrameworksBuildPhase;
			buildActionMask = 2147483647;
			files = (
			);
			runOnlyForDeploymentPostprocessing = 0;
		};
/* End PBXFrameworksBuildPhase section */

/* Begin PBXGroup section */
		F9BA725623EB8B8700414FE0 = {
			isa = PBXGroup;
			children = (
				F9BA726123EB8B8700414FE0 /* WeatherApp */,
				F9BA726023EB8B8700414FE0 /* Products */,
			);
			sourceTree = "<group>";
		};
		F9BA726023EB8B8700414FE0 /* Products */ = {
			isa = PBXGroup;
			children = (
				F9BA725F23EB8B8700414FE0 /* WeatherApp.app */,
			);
			name = Products;
			sourceTree = "<group>";
		};
		F9BA726123EB8B8700414FE0 /* WeatherApp */ = {
			isa = PBXGroup;
			children = (
				F9BA726223EB8B8700414FE0 /* AppDelegate.swift */,
				F9BA726423EB8B8700414FE0 /* SceneDelegate.swift */,
				F9BD68DD23ECFA6C00BDF83C /* Model */,
				F9BA727623EB9EA800414FE0 /* Views */,
				F9BA727923EB9F4C00414FE0 /* Controller */,
				F9BA726B23EB8B8900414FE0 /* Assets.xcassets */,
				F9BA726D23EB8B8900414FE0 /* LaunchScreen.storyboard */,
				F9BA727023EB8B8900414FE0 /* Info.plist */,
			);
			path = WeatherApp;
			sourceTree = "<group>";
		};
		F9BA727623EB9EA800414FE0 /* Views */ = {
			isa = PBXGroup;
			children = (
				F9BA726823EB8B8800414FE0 /* Main.storyboard */,
			);
			path = Views;
			sourceTree = "<group>";
		};
		F9BA727923EB9F4C00414FE0 /* Controller */ = {
			isa = PBXGroup;
			children = (
				F9BA727723EB9F0200414FE0 /* WeatherViewController.swift */,
			);
			path = Controller;
			sourceTree = "<group>";
		};
		F9BD68DD23ECFA6C00BDF83C /* Model */ = {
			isa = PBXGroup;
			children = (
				F9BD68DE23ECFA8700BDF83C /* WeatherManager.swift */,
				F9AFB52723F24F6E0078EDCA /* WeatherData.swift */,
				F9AFB52923F259C30078EDCA /* WeatherModel.swift */,
			);
			path = Model;
			sourceTree = "<group>";
		};
/* End PBXGroup section */

/* Begin PBXNativeTarget section */
		F9BA725E23EB8B8700414FE0 /* WeatherApp */ = {
			isa = PBXNativeTarget;
			buildConfigurationList = F9BA727323EB8B8900414FE0 /* Build configuration list for PBXNativeTarget "WeatherApp" */;
			buildPhases = (
				F9BA725B23EB8B8700414FE0 /* Sources */,
				F9BA725C23EB8B8700414FE0 /* Frameworks */,
				F9BA725D23EB8B8700414FE0 /* Resources */,
			);
			buildRules = (
			);
			dependencies = (
			);
			name = WeatherApp;
			productName = WeatherApp;
			productReference = F9BA725F23EB8B8700414FE0 /* WeatherApp.app */;
			productType = "com.apple.product-type.application";
		};
/* End PBXNativeTarget section */

/* Begin PBXProject section */
		F9BA725723EB8B8700414FE0 /* Project object */ = {
			isa = PBXProject;
			attributes = {
				LastSwiftUpdateCheck = 1130;
				LastUpgradeCheck = 1130;
				ORGANIZATIONNAME = "Jiradet Amornpimonkul";
				TargetAttributes = {
					F9BA725E23EB8B8700414FE0 = {
						CreatedOnToolsVersion = 11.3.1;
					};
				};
			};
			buildConfigurationList = F9BA725A23EB8B8700414FE0 /* Build configuration list for PBXProject "WeatherApp" */;
			compatibilityVersion = "Xcode 9.3";
			developmentRegion = en;
			hasScannedForEncodings = 0;
			knownRegions = (
				en,
				Base,
			);
			mainGroup = F9BA725623EB8B8700414FE0;
			productRefGroup = F9BA726023EB8B8700414FE0 /* Products */;
			projectDirPath = "";
			projectRoot = "";
			targets = (
				F9BA725E23EB8B8700414FE0 /* WeatherApp */,
			);
		};
/* End PBXProject section */

/* Begin PBXResourcesBuildPhase section */
		F9BA725D23EB8B8700414FE0 /* Resources */ = {
			isa = PBXResourcesBuildPhase;
			buildActionMask = 2147483647;
			files = (
				F9BA726F23EB8B8900414FE0 /* LaunchScreen.storyboard in Resources */,
				F9BA726C23EB8B8900414FE0 /* Assets.xcassets in Resources */,
				F9BA726A23EB8B8800414FE0 /* Main.storyboard in Resources */,
			);
			runOnlyForDeploymentPostprocessing = 0;
		};
/* End PBXResourcesBuildPhase section */

/* Begin PBXSourcesBuildPhase section */
		F9BA725B23EB8B8700414FE0 /* Sources */ = {
			isa = PBXSourcesBuildPhase;
			buildActionMask = 2147483647;
			files = (
				F9BA726323EB8B8700414FE0 /* AppDelegate.swift in Sources */,
				F9AFB52823F24F6E0078EDCA /* WeatherData.swift in Sources */,
				F9BA727823EB9F0200414FE0 /* WeatherViewController.swift in Sources */,
				F9BD68DF23ECFA8700BDF83C /* WeatherManager.swift in Sources */,
				F9AFB52A23F259C30078EDCA /* WeatherModel.swift in Sources */,
				F9BA726523EB8B8700414FE0 /* SceneDelegate.swift in Sources */,
			);
			runOnlyForDeploymentPostprocessing = 0;
		};
/* End PBXSourcesBuildPhase section */

/* Begin PBXVariantGroup section */
		F9BA726823EB8B8800414FE0 /* Main.storyboard */ = {
			isa = PBXVariantGroup;
			children = (
				F9BA726923EB8B8800414FE0 /* Base */,
			);
			name = Main.storyboard;
			sourceTree = "<group>";
		};
		F9BA726D23EB8B8900414FE0 /* LaunchScreen.storyboard */ = {
			isa = PBXVariantGroup;
			children = (
				F9BA726E23EB8B8900414FE0 /* Base */,
			);
			name = LaunchScreen.storyboard;
			sourceTree = "<group>";
		};
/* End PBXVariantGroup section */

/* Begin XCBuildConfiguration section */
		F9BA727123EB8B8900414FE0 /* Debug */ = {
			isa = XCBuildConfiguration;
			buildSettings = {
				ALWAYS_SEARCH_USER_PATHS = NO;
				CLANG_ANALYZER_NONNULL = YES;
				CLANG_ANALYZER_NUMBER_OBJECT_CONVERSION = YES_AGGRESSIVE;
				CLANG_CXX_LANGUAGE_STANDARD = "gnu++14";
				CLANG_CXX_LIBRARY = "libc++";
				CLANG_ENABLE_MODULES = YES;
				CLANG_ENABLE_OBJC_ARC = YES;
				CLANG_ENABLE_OBJC_WEAK = YES;
				CLANG_WARN_BLOCK_CAPTURE_AUTORELEASING = YES;
				CLANG_WARN_BOOL_CONVERSION = YES;
				CLANG_WARN_COMMA = YES;
				CLANG_WARN_CONSTANT_CONVERSION = YES;
				CLANG_WARN_DEPRECATED_OBJC_IMPLEMENTATIONS = YES;
				CLANG_WARN_DIRECT_OBJC_ISA_USAGE = YES_ERROR;
				CLANG_WARN_DOCUMENTATION_COMMENTS = YES;
				CLANG_WARN_EMPTY_BODY = YES;
				CLANG_WARN_ENUM_CONVERSION = YES;
				CLANG_WARN_INFINITE_RECURSION = YES;
				CLANG_WARN_INT_CONVERSION = YES;
				CLANG_WARN_NON_LITERAL_NULL_CONVERSION = YES;
				CLANG_WARN_OBJC_IMPLICIT_RETAIN_SELF = YES;
				CLANG_WARN_OBJC_LITERAL_CONVERSION = YES;
				CLANG_WARN_OBJC_ROOT_CLASS = YES_ERROR;
				CLANG_WARN_RANGE_LOOP_ANALYSIS = YES;
				CLANG_WARN_STRICT_PROTOTYPES = YES;
				CLANG_WARN_SUSPICIOUS_MOVE = YES;
				CLANG_WARN_UNGUARDED_AVAILABILITY = YES_AGGRESSIVE;
				CLANG_WARN_UNREACHABLE_CODE = YES;
				CLANG_WARN__DUPLICATE_METHOD_MATCH = YES;
				COPY_PHASE_STRIP = NO;
				DEBUG_INFORMATION_FORMAT = dwarf;
				ENABLE_STRICT_OBJC_MSGSEND = YES;
				ENABLE_TESTABILITY = YES;
				GCC_C_LANGUAGE_STANDARD = gnu11;
				GCC_DYNAMIC_NO_PIC = NO;
				GCC_NO_COMMON_BLOCKS = YES;
				GCC_OPTIMIZATION_LEVEL = 0;
				GCC_PREPROCESSOR_DEFINITIONS = (
					"DEBUG=1",
					"$(inherited)",
				);
				GCC_WARN_64_TO_32_BIT_CONVERSION = YES;
				GCC_WARN_ABOUT_RETURN_TYPE = YES_ERROR;
				GCC_WARN_UNDECLARED_SELECTOR = YES;
				GCC_WARN_UNINITIALIZED_AUTOS = YES_AGGRESSIVE;
				GCC_WARN_UNUSED_FUNCTION = YES;
				GCC_WARN_UNUSED_VARIABLE = YES;
				IPHONEOS_DEPLOYMENT_TARGET = 13.2;
				MTL_ENABLE_DEBUG_INFO = INCLUDE_SOURCE;
				MTL_FAST_MATH = YES;
				ONLY_ACTIVE_ARCH = YES;
				SDKROOT = iphoneos;
				SWIFT_ACTIVE_COMPILATION_CONDITIONS = DEBUG;
				SWIFT_OPTIMIZATION_LEVEL = "-Onone";
			};
			name = Debug;
		};
		F9BA727223EB8B8900414FE0 /* Release */ = {
			isa = XCBuildConfiguration;
			buildSettings = {
				ALWAYS_SEARCH_USER_PATHS = NO;
				CLANG_ANALYZER_NONNULL = YES;
				CLANG_ANALYZER_NUMBER_OBJECT_CONVERSION = YES_AGGRESSIVE;
				CLANG_CXX_LANGUAGE_STANDARD = "gnu++14";
				CLANG_CXX_LIBRARY = "libc++";
				CLANG_ENABLE_MODULES = YES;
				CLANG_ENABLE_OBJC_ARC = YES;
				CLANG_ENABLE_OBJC_WEAK = YES;
				CLANG_WARN_BLOCK_CAPTURE_AUTORELEASING = YES;
				CLANG_WARN_BOOL_CONVERSION = YES;
				CLANG_WARN_COMMA = YES;
				CLANG_WARN_CONSTANT_CONVERSION = YES;
				CLANG_WARN_DEPRECATED_OBJC_IMPLEMENTATIONS = YES;
				CLANG_WARN_DIRECT_OBJC_ISA_USAGE = YES_ERROR;
				CLANG_WARN_DOCUMENTATION_COMMENTS = YES;
				CLANG_WARN_EMPTY_BODY = YES;
				CLANG_WARN_ENUM_CONVERSION = YES;
				CLANG_WARN_INFINITE_RECURSION = YES;
				CLANG_WARN_INT_CONVERSION = YES;
				CLANG_WARN_NON_LITERAL_NULL_CONVERSION = YES;
				CLANG_WARN_OBJC_IMPLICIT_RETAIN_SELF = YES;
				CLANG_WARN_OBJC_LITERAL_CONVERSION = YES;
				CLANG_WARN_OBJC_ROOT_CLASS = YES_ERROR;
				CLANG_WARN_RANGE_LOOP_ANALYSIS = YES;
				CLANG_WARN_STRICT_PROTOTYPES = YES;
				CLANG_WARN_SUSPICIOUS_MOVE = YES;
				CLANG_WARN_UNGUARDED_AVAILABILITY = YES_AGGRESSIVE;
				CLANG_WARN_UNREACHABLE_CODE = YES;
				CLANG_WARN__DUPLICATE_METHOD_MATCH = YES;
				COPY_PHASE_STRIP = NO;
				DEBUG_INFORMATION_FORMAT = "dwarf-with-dsym";
				ENABLE_NS_ASSERTIONS = NO;
				ENABLE_STRICT_OBJC_MSGSEND = YES;
				GCC_C_LANGUAGE_STANDARD = gnu11;
				GCC_NO_COMMON_BLOCKS = YES;
				GCC_WARN_64_TO_32_BIT_CONVERSION = YES;
				GCC_WARN_ABOUT_RETURN_TYPE = YES_ERROR;
				GCC_WARN_UNDECLARED_SELECTOR = YES;
				GCC_WARN_UNINITIALIZED_AUTOS = YES_AGGRESSIVE;
				GCC_WARN_UNUSED_FUNCTION = YES;
				GCC_WARN_UNUSED_VARIABLE = YES;
				IPHONEOS_DEPLOYMENT_TARGET = 13.2;
				MTL_ENABLE_DEBUG_INFO = NO;
				MTL_FAST_MATH = YES;
				SDKROOT = iphoneos;
				SWIFT_COMPILATION_MODE = wholemodule;
				SWIFT_OPTIMIZATION_LEVEL = "-O";
				VALIDATE_PRODUCT = YES;
			};
			name = Release;
		};
		F9BA727423EB8B8900414FE0 /* Debug */ = {
			isa = XCBuildConfiguration;
			buildSettings = {
				ASSETCATALOG_COMPILER_APPICON_NAME = AppIcon;
				CODE_SIGN_STYLE = Automatic;
				DEVELOPMENT_TEAM = 2T26JN974C;
				INFOPLIST_FILE = WeatherApp/Info.plist;
				LD_RUNPATH_SEARCH_PATHS = (
					"$(inherited)",
					"@executable_path/Frameworks",
				);
				PRODUCT_BUNDLE_IDENTIFIER = com.omegatoy.WeatherApp;
				PRODUCT_NAME = "$(TARGET_NAME)";
				SWIFT_VERSION = 5.0;
				TARGETED_DEVICE_FAMILY = "1,2";
			};
			name = Debug;
		};
		F9BA727523EB8B8900414FE0 /* Release */ = {
			isa = XCBuildConfiguration;
			buildSettings = {
				ASSETCATALOG_COMPILER_APPICON_NAME = AppIcon;
				CODE_SIGN_STYLE = Automatic;
				DEVELOPMENT_TEAM = 2T26JN974C;
				INFOPLIST_FILE = WeatherApp/Info.plist;
				LD_RUNPATH_SEARCH_PATHS = (
					"$(inherited)",
					"@executable_path/Frameworks",
				);
				PRODUCT_BUNDLE_IDENTIFIER = com.omegatoy.WeatherApp;
				PRODUCT_NAME = "$(TARGET_NAME)";
				SWIFT_VERSION = 5.0;
				TARGETED_DEVICE_FAMILY = "1,2";
			};
			name = Release;
		};
/* End XCBuildConfiguration section */

/* Begin XCConfigurationList section */
		F9BA725A23EB8B8700414FE0 /* Build configuration list for PBXProject "WeatherApp" */ = {
			isa = XCConfigurationList;
			buildConfigurations = (
				F9BA727123EB8B8900414FE0 /* Debug */,
				F9BA727223EB8B8900414FE0 /* Release */,
			);
			defaultConfigurationIsVisible = 0;
			defaultConfigurationName = Release;
		};
		F9BA727323EB8B8900414FE0 /* Build configuration list for PBXNativeTarget "WeatherApp" */ = {
			isa = XCConfigurationList;
			buildConfigurations = (
				F9BA727423EB8B8900414FE0 /* Debug */,
				F9BA727523EB8B8900414FE0 /* Release */,
			);
			defaultConfigurationIsVisible = 0;
			defaultConfigurationName = Release;
		};
/* End XCConfigurationList section */
	};
	rootObject = F9BA725723EB8B8700414FE0 /* Project object */;
}
